
Microsoft Visual Studio Solution File, Format Version 12.00
# Visual Studio Version 17
VisualStudioVersion = 17.0.31903.59
MinimumVisualStudioVersion = 10.0.40219.1
Project("{2150E333-8FDC-42A3-9474-1A3956D46DE8}") = "src", "src", "{827E0CD3-B72D-47B6-A68D-7590B98EB39B}"
EndProject
Project("{FAE04EC0-301F-11D3-BF4B-00C04F79EFBC}") = "SmartX.Shared", "src\SmartX.Shared\SmartX.Shared.csproj", "{1323A93E-0E70-4E56-9C8F-352CA8B05EC7}"
EndProject
Project("{FAE04EC0-301F-11D3-BF4B-00C04F79EFBC}") = "SmartX.Api", "src\SmartX.Api\SmartX.Api.csproj", "{AA643387-68C4-40E4-9063-9EC4473E342F}"
EndProject
Project("{FAE04EC0-301F-11D3-BF4B-00C04F79EFBC}") = "SmartX.Client", "src\SmartX.Client\SmartX.Client.csproj", "{65D53E61-D3FA-4AC0-8443-CAB15AB81684}"
EndProject
Global
	GlobalSection(SolutionConfigurationPlatforms) = preSolution
		Debug|Any CPU = Debug|Any CPU
		Debug|x64 = Debug|x64
		Debug|x86 = Debug|x86
		Release|Any CPU = Release|Any CPU
		Release|x64 = Release|x64
		Release|x86 = Release|x86
	EndGlobalSection
	GlobalSection(ProjectConfigurationPlatforms) = postSolution
		{1323A93E-0E70-4E56-9C8F-352CA8B05EC7}.Debug|Any CPU.ActiveCfg = Debug|Any CPU
		{1323A93E-0E70-4E56-9C8F-352CA8B05EC7}.Debug|Any CPU.Build.0 = Debug|Any CPU
		{1323A93E-0E70-4E56-9C8F-352CA8B05EC7}.Debug|x64.ActiveCfg = Debug|Any CPU
		{1323A93E-0E70-4E56-9C8F-352CA8B05EC7}.Debug|x64.Build.0 = Debug|Any CPU
		{1323A93E-0E70-4E56-9C8F-352CA8B05EC7}.Debug|x86.ActiveCfg = Debug|Any CPU
		{1323A93E-0E70-4E56-9C8F-352CA8B05EC7}.Debug|x86.Build.0 = Debug|Any CPU
		{1323A93E-0E70-4E56-9C8F-352CA8B05EC7}.Release|Any CPU.ActiveCfg = Release|Any CPU
		{1323A93E-0E70-4E56-9C8F-352CA8B05EC7}.Release|Any CPU.Build.0 = Release|Any CPU
		{1323A93E-0E70-4E56-9C8F-352CA8B05EC7}.Release|x64.ActiveCfg = Release|Any CPU
		{1323A93E-0E70-4E56-9C8F-352CA8B05EC7}.Release|x64.Build.0 = Release|Any CPU
		{1323A93E-0E70-4E56-9C8F-352CA8B05EC7}.Release|x86.ActiveCfg = Release|Any CPU
		{1323A93E-0E70-4E56-9C8F-352CA8B05EC7}.Release|x86.Build.0 = Release|Any CPU
		{AA643387-68C4-40E4-9063-9EC4473E342F}.Debug|Any CPU.ActiveCfg = Debug|Any CPU
		{AA643387-68C4-40E4-9063-9EC4473E342F}.Debug|Any CPU.Build.0 = Debug|Any CPU
		{AA643387-68C4-40E4-9063-9EC4473E342F}.Debug|x64.ActiveCfg = Debug|Any CPU
		{AA643387-68C4-40E4-9063-9EC4473E342F}.Debug|x64.Build.0 = Debug|Any CPU
		{AA643387-68C4-40E4-9063-9EC4473E342F}.Debug|x86.ActiveCfg = Debug|Any CPU
		{AA643387-68C4-40E4-9063-9EC4473E342F}.Debug|x86.Build.0 = Debug|Any CPU
		{AA643387-68C4-40E4-9063-9EC4473E342F}.Release|Any CPU.ActiveCfg = Release|Any CPU
		{AA643387-68C4-40E4-9063-9EC4473E342F}.Release|Any CPU.Build.0 = Release|Any CPU
		{AA643387-68C4-40E4-9063-9EC4473E342F}.Release|x64.ActiveCfg = Release|Any CPU
		{AA643387-68C4-40E4-9063-9EC4473E342F}.Release|x64.Build.0 = Release|Any CPU
		{AA643387-68C4-40E4-9063-9EC4473E342F}.Release|x86.ActiveCfg = Release|Any CPU
		{AA643387-68C4-40E4-9063-9EC4473E342F}.Release|x86.Build.0 = Release|Any CPU
		{65D53E61-D3FA-4AC0-8443-CAB15AB81684}.Debug|Any CPU.ActiveCfg = Debug|Any CPU
		{65D53E61-D3FA-4AC0-8443-CAB15AB81684}.Debug|Any CPU.Build.0 = Debug|Any CPU
		{65D53E61-D3FA-4AC0-8443-CAB15AB81684}.Debug|x64.ActiveCfg = Debug|Any CPU
		{65D53E61-D3FA-4AC0-8443-CAB15AB81684}.Debug|x64.Build.0 = Debug|Any CPU
		{65D53E61-D3FA-4AC0-8443-CAB15AB81684}.Debug|x86.ActiveCfg = Debug|Any CPU
		{65D53E61-D3FA-4AC0-8443-CAB15AB81684}.Debug|x86.Build.0 = Debug|Any CPU
		{65D53E61-D3FA-4AC0-8443-CAB15AB81684}.Release|Any CPU.ActiveCfg = Release|Any CPU
		{65D53E61-D3FA-4AC0-8443-CAB15AB81684}.Release|Any CPU.Build.0 = Release|Any CPU
		{65D53E61-D3FA-4AC0-8443-CAB15AB81684}.Release|x64.ActiveCfg = Release|Any CPU
		{65D53E61-D3FA-4AC0-8443-CAB15AB81684}.Release|x64.Build.0 = Release|Any CPU
		{65D53E61-D3FA-4AC0-8443-CAB15AB81684}.Release|x86.ActiveCfg = Release|Any CPU
		{65D53E61-D3FA-4AC0-8443-CAB15AB81684}.Release|x86.Build.0 = Release|Any CPU
	EndGlobalSection
	GlobalSection(SolutionProperties) = preSolution
		HideSolutionNode = FALSE
	EndGlobalSection
	GlobalSection(NestedProjects) = preSolution
		{1323A93E-0E70-4E56-9C8F-352CA8B05EC7} = {827E0CD3-B72D-47B6-A68D-7590B98EB39B}
		{AA643387-68C4-40E4-9063-9EC4473E342F} = {827E0CD3-B72D-47B6-A68D-7590B98EB39B}
		{65D53E61-D3FA-4AC0-8443-CAB15AB81684} = {827E0CD3-B72D-47B6-A68D-7590B98EB39B}
	EndGlobalSection
EndGlobal
